<?xml version="1.0" encoding="UTF-8" standalone="yes" ?>
<CodeBlocks_project_file>
	<FileVersion major="1" minor="6" />
	<Project>
		<Option title="unitTest" />
		<Option pch_mode="2" />
		<Option compiler="gcc" />
		<Build>
			<Target title="Debug">
				<Option output="bin/unitTest" prefix_auto="1" extension_auto="1" />
				<Option working_dir="bin" />
				<Option object_output="obj/Debug/" />
				<Option type="1" />
				<Option compiler="gcc" />
				<Compiler>
					<Add option="-Os" />
					<Add directory="include/Infectorpp" />
				</Compiler>
				<Linker>
					<Add option="-s" />
				</Linker>
			</Target>
		</Build>
		<Compiler>
			<Add option="-Wmain" />
			<Add option="-std=c++11" />
			<Add option="-Wextra" />
			<Add option="-Wall" />
		</Compiler>
		<Unit filename="UnitTest.cpp" />
		<Unit filename="include/Infectorpp/InfectorContainer.hpp" />
		<Unit filename="include/Infectorpp/InfectorExceptions.hpp" />
		<Unit filename="include/Infectorpp/InfectorExport.hpp" />
		<Unit filename="include/Infectorpp/InfectorHelpers.hpp" />
		<Unit filename="include/Infectorpp/Infector_details.hpp" />
		<Unit filename="include/Infectorpp/Infector_multi.hpp" />
		<Unit filename="include/Infectorpp/Infector_private.hpp" />
		<Unit filename="include/Infectorpp/Infector_single.hpp" />
		<Extensions>
			<code_completion />
			<debugger />
			<DoxyBlocks>
				<comment_style block="0" line="0" />
				<doxyfile_project />
				<doxyfile_build />
				<doxyfile_warnings />
				<doxyfile_output />
				<doxyfile_dot />
				<general />
			</DoxyBlocks>
		</Extensions>
	</Project>
</CodeBlocks_project_file>
